<?xml version="1.0" encoding="utf-8"?>
<Project ToolsVersion="4.0" xmlns="http://schemas.microsoft.com/developer/msbuild/2003">
  <ItemGroup>
    <Filter Include="00. MainApp">
      <UniqueIdentifier>{f9d345e0-8d22-4f7d-9d05-d2309dc3c7ef}</UniqueIdentifier>
    </Filter>
    <Filter Include="99. Etc">
      <UniqueIdentifier>{b7c117b5-9441-415c-8eda-0df470ffd295}</UniqueIdentifier>
    </Filter>
    <Filter Include="99. Etc\리소스 파일">
      <UniqueIdentifier>{67DA6AB6-F800-4c08-8B7A-83BB121AAD01}</UniqueIdentifier>
      <Extensions>rc;ico;cur;bmp;dlg;rc2;rct;bin;rgs;gif;jpg;jpeg;jpe;resx;tiff;tif;png;wav;mfcribbon-ms</Extensions>
    </Filter>
    <Filter Include="99. Etc\소스 파일">
      <UniqueIdentifier>{4FC737F1-C7A5-4376-A066-2A32D752A2FF}</UniqueIdentifier>
      <Extensions>cpp;c;cc;cxx;def;odl;idl;hpj;bat;asm;asmx</Extensions>
    </Filter>
    <Filter Include="99. Etc\헤더 파일">
      <UniqueIdentifier>{93995380-89BD-4b04-88EB-625FBE52EBFB}</UniqueIdentifier>
      <Extensions>h;hh;hpp;hxx;hm;inl;inc;xsd</Extensions>
    </Filter>
    <Filter Include="98. Header">
      <UniqueIdentifier>{00d0d976-9b22-4323-876c-6bea41d82b92}</UniqueIdentifier>
    </Filter>
    <Filter Include="01. Scene">
      <UniqueIdentifier>{a68329a8-8dff-48ef-bed4-e7851535b54e}</UniqueIdentifier>
    </Filter>
    <Filter Include="02. GameObejct">
      <UniqueIdentifier>{c7717da8-b0ac-408d-88b8-e5739b25cfeb}</UniqueIdentifier>
    </Filter>
    <Filter Include="02. GameObejct\00. Logo">
      <UniqueIdentifier>{4fe7535f-001a-4de2-9613-2fda789f22e1}</UniqueIdentifier>
    </Filter>
    <Filter Include="01. Scene\00. Logo">
      <UniqueIdentifier>{74374b70-4b27-4a4c-95de-c5bc8b9819a9}</UniqueIdentifier>
    </Filter>
    <Filter Include="01. Scene\01. Stage">
      <UniqueIdentifier>{874545bd-8998-431e-813e-7b3cf33ca6e6}</UniqueIdentifier>
    </Filter>
    <Filter Include="02. GameObejct\01. Stage">
      <UniqueIdentifier>{73ac88b3-5341-40b4-9f66-652a835a320a}</UniqueIdentifier>
    </Filter>
    <Filter Include="02. GameObejct\00. Logo\00. BackGround">
      <UniqueIdentifier>{ed5bb778-6c8c-4313-874e-cf5a5725ea97}</UniqueIdentifier>
    </Filter>
    <Filter Include="02. GameObejct\00. Logo\01. TestPlayer">
      <UniqueIdentifier>{9a3c42f2-b268-404a-95b6-1e8a2f89316d}</UniqueIdentifier>
    </Filter>
    <Filter Include="02. GameObejct\00. Logo\02. TestMonster">
      <UniqueIdentifier>{083052e8-987b-48ab-aa0f-b2ef9cc9a605}</UniqueIdentifier>
    </Filter>
    <Filter Include="02. GameObejct\01. Stage\00. Terrain">
      <UniqueIdentifier>{39acbbe8-fed7-467d-a6a1-8ce9c2b6a52e}</UniqueIdentifier>
    </Filter>
    <Filter Include="02. GameObejct\01. Stage\01. Player">
      <UniqueIdentifier>{76a36e56-7d32-4123-9c22-bc2f9f841440}</UniqueIdentifier>
    </Filter>
    <Filter Include="03. Camera">
      <UniqueIdentifier>{a66e3b07-ccc9-4fad-9cf6-be326b350f0f}</UniqueIdentifier>
    </Filter>
    <Filter Include="03. Camera\00. FirstViewCam">
      <UniqueIdentifier>{91b5d37f-2f30-4137-93f8-f6c92779e238}</UniqueIdentifier>
    </Filter>
    <Filter Include="03. Camera\01. ThirdViewCam">
      <UniqueIdentifier>{49cc6e7a-c5a8-4008-b75f-b01f15729523}</UniqueIdentifier>
    </Filter>
    <Filter Include="03. Camera\02. QuaterViewCam">
      <UniqueIdentifier>{0409a715-1743-421e-a039-3ecc330eed68}</UniqueIdentifier>
    </Filter>
  </ItemGroup>
  <ItemGroup>
    <ClInclude Include="targetver.h">
      <Filter>99. Etc\헤더 파일</Filter>
    </ClInclude>
    <ClInclude Include="Resource.h">
      <Filter>99. Etc\헤더 파일</Filter>
    </ClInclude>
    <ClInclude Include="Client.h">
      <Filter>99. Etc\헤더 파일</Filter>
    </ClInclude>
    <ClInclude Include="stdafx.h">
      <Filter>98. Header</Filter>
    </ClInclude>
    <ClInclude Include="..\Code\MainApp.h">
      <Filter>00. MainApp</Filter>
    </ClInclude>
    <ClInclude Include="..\Header\Defines.h">
      <Filter>98. Header</Filter>
    </ClInclude>
    <ClInclude Include="..\Header\Enum.h">
      <Filter>98. Header</Filter>
    </ClInclude>
    <ClInclude Include="..\Header\Function.h">
      <Filter>98. Header</Filter>
    </ClInclude>
    <ClInclude Include="..\Header\Macro.h">
      <Filter>98. Header</Filter>
    </ClInclude>
    <ClInclude Include="..\Header\Typedef.h">
      <Filter>98. Header</Filter>
    </ClInclude>
    <ClInclude Include="..\Code\Logo.h">
      <Filter>01. Scene\00. Logo</Filter>
    </ClInclude>
    <ClInclude Include="..\Code\BackGround.h">
      <Filter>02. GameObejct\00. Logo\00. BackGround</Filter>
    </ClInclude>
    <ClInclude Include="..\Code\TestPlayer.h">
      <Filter>02. GameObejct\00. Logo\01. TestPlayer</Filter>
    </ClInclude>
    <ClInclude Include="..\Code\TestMonster.h">
      <Filter>02. GameObejct\00. Logo\02. TestMonster</Filter>
    </ClInclude>
    <ClInclude Include="..\Code\Stage.h">
      <Filter>01. Scene\01. Stage</Filter>
    </ClInclude>
    <ClInclude Include="..\Code\Terrain.h">
      <Filter>02. GameObejct\01. Stage\00. Terrain</Filter>
    </ClInclude>
    <ClInclude Include="..\Code\Player.h">
      <Filter>02. GameObejct\01. Stage\01. Player</Filter>
    </ClInclude>
    <ClInclude Include="..\Code\FirstViewCam.h">
      <Filter>03. Camera\00. FirstViewCam</Filter>
    </ClInclude>
    <ClInclude Include="..\Code\QuaterViewCam.h">
      <Filter>03. Camera\02. QuaterViewCam</Filter>
    </ClInclude>
    <ClInclude Include="..\Code\ThirdViewCam.h">
      <Filter>03. Camera\01. ThirdViewCam</Filter>
    </ClInclude>
  </ItemGroup>
  <ItemGroup>
    <ClCompile Include="stdafx.cpp">
      <Filter>99. Etc\소스 파일</Filter>
    </ClCompile>
    <ClCompile Include="Client.cpp">
      <Filter>99. Etc\소스 파일</Filter>
    </ClCompile>
    <ClCompile Include="..\Code\MainApp.cpp">
      <Filter>00. MainApp</Filter>
    </ClCompile>
    <ClCompile Include="..\Code\Logo.cpp">
      <Filter>01. Scene\00. Logo</Filter>
    </ClCompile>
    <ClCompile Include="..\Code\BackGround.cpp">
      <Filter>02. GameObejct\00. Logo\00. BackGround</Filter>
    </ClCompile>
    <ClCompile Include="..\Code\TestPlayer.cpp">
      <Filter>02. GameObejct\00. Logo\01. TestPlayer</Filter>
    </ClCompile>
    <ClCompile Include="..\Code\TestMonster.cpp">
      <Filter>02. GameObejct\00. Logo\02. TestMonster</Filter>
    </ClCompile>
    <ClCompile Include="..\Code\Stage.cpp">
      <Filter>01. Scene\01. Stage</Filter>
    </ClCompile>
    <ClCompile Include="..\Code\Terrain.cpp">
      <Filter>02. GameObejct\01. Stage\00. Terrain</Filter>
    </ClCompile>
    <ClCompile Include="..\Code\Player.cpp">
      <Filter>02. GameObejct\01. Stage\01. Player</Filter>
    </ClCompile>
    <ClCompile Include="..\Code\FirstViewCam.cpp">
      <Filter>03. Camera\00. FirstViewCam</Filter>
    </ClCompile>
    <ClCompile Include="..\Code\QuaterViewCam.cpp">
      <Filter>03. Camera\02. QuaterViewCam</Filter>
    </ClCompile>
    <ClCompile Include="..\Code\ThirdViewCam.cpp">
      <Filter>03. Camera\01. ThirdViewCam</Filter>
    </ClCompile>
  </ItemGroup>
  <ItemGroup>
    <ResourceCompile Include="Client.rc">
      <Filter>99. Etc\리소스 파일</Filter>
    </ResourceCompile>
  </ItemGroup>
  <ItemGroup>
    <Image Include="small.ico">
      <Filter>99. Etc\리소스 파일</Filter>
    </Image>
    <Image Include="Client.ico">
      <Filter>99. Etc\리소스 파일</Filter>
    </Image>
  </ItemGroup>
  <ItemGroup>
    <Text Include="ReadMe.txt">
      <Filter>99. Etc\소스 파일</Filter>
    </Text>
  </ItemGroup>
</Project>