<?xml version="1.0" encoding="utf-8"?>
<Project ToolsVersion="4.0" xmlns="http://schemas.microsoft.com/developer/msbuild/2003">
  <ItemGroup>
    <Filter Include="00.Management">
      <UniqueIdentifier>{295e5c19-d74b-49f2-997c-8e27640956af}</UniqueIdentifier>
    </Filter>
    <Filter Include="01.Scene">
      <UniqueIdentifier>{8a097c6d-2d2b-450e-8343-b92779bac0a7}</UniqueIdentifier>
    </Filter>
    <Filter Include="02.Layer">
      <UniqueIdentifier>{54f6f587-fc77-46fc-93cf-95c082acad42}</UniqueIdentifier>
    </Filter>
    <Filter Include="03.GameObject">
      <UniqueIdentifier>{978a27c4-4cae-4fee-9de6-1749b134f63e}</UniqueIdentifier>
    </Filter>
    <Filter Include="04.Component">
      <UniqueIdentifier>{1cfd0420-226b-4ee7-aad9-9e58b14b2542}</UniqueIdentifier>
    </Filter>
    <Filter Include="99.Export">
      <UniqueIdentifier>{16c5be4b-7fe8-4606-a5b3-c12f94057f94}</UniqueIdentifier>
    </Filter>
    <Filter Include="04.Component\00.Transform">
      <UniqueIdentifier>{9c2fd7a9-e2be-4414-af0d-3838dc8cd8ef}</UniqueIdentifier>
    </Filter>
    <Filter Include="05.Renderer">
      <UniqueIdentifier>{32e60636-f4e2-4e65-a797-6046d145c42e}</UniqueIdentifier>
    </Filter>
    <Filter Include="06.Camera">
      <UniqueIdentifier>{6f0d7701-b6fd-43be-977e-3309fef8218e}</UniqueIdentifier>
    </Filter>
    <Filter Include="07.Effect">
      <UniqueIdentifier>{7868a307-2938-4e88-be0a-c7283444b5e7}</UniqueIdentifier>
    </Filter>
    <Filter Include="06.Camera\00.Manager">
      <UniqueIdentifier>{874f1247-f9c1-4d22-a305-4971952cc529}</UniqueIdentifier>
    </Filter>
    <Filter Include="08.Skill">
      <UniqueIdentifier>{581d0862-b640-4a4d-b8d2-7067fb836bf7}</UniqueIdentifier>
    </Filter>
    <Filter Include="09.Collision">
      <UniqueIdentifier>{660e1e1b-532a-43cf-ab51-83576bab3050}</UniqueIdentifier>
    </Filter>
    <Filter Include="09.Collision\00.Manager">
      <UniqueIdentifier>{e1f5ddf5-3a67-41b5-a33b-7ef513e959a1}</UniqueIdentifier>
    </Filter>
    <Filter Include="98.MyMath">
      <UniqueIdentifier>{7f6b66ef-ea27-417f-925b-8eeb5dc7edcb}</UniqueIdentifier>
    </Filter>
  </ItemGroup>
  <ItemGroup>
    <ClCompile Include="..\Code\Management.cpp">
      <Filter>00.Management</Filter>
    </ClCompile>
    <ClCompile Include="..\Code\Scene.cpp">
      <Filter>01.Scene</Filter>
    </ClCompile>
    <ClCompile Include="..\Code\GameObject.cpp">
      <Filter>03.GameObject</Filter>
    </ClCompile>
    <ClCompile Include="..\Code\Layer.cpp">
      <Filter>02.Layer</Filter>
    </ClCompile>
    <ClCompile Include="..\Code\Component.cpp">
      <Filter>04.Component</Filter>
    </ClCompile>
    <ClCompile Include="..\Code\Transform.cpp">
      <Filter>04.Component\00.Transform</Filter>
    </ClCompile>
    <ClCompile Include="..\Code\Renderer.cpp">
      <Filter>05.Renderer</Filter>
    </ClCompile>
    <ClCompile Include="..\Code\Effect.cpp">
      <Filter>07.Effect</Filter>
    </ClCompile>
    <ClCompile Include="..\Code\Camera.cpp">
      <Filter>06.Camera</Filter>
    </ClCompile>
    <ClCompile Include="..\Code\CameraMgr.cpp">
      <Filter>06.Camera\00.Manager</Filter>
    </ClCompile>
    <ClCompile Include="..\Code\Skill.cpp">
      <Filter>08.Skill</Filter>
    </ClCompile>
    <ClCompile Include="..\Code\Collider.cpp">
      <Filter>09.Collision</Filter>
    </ClCompile>
    <ClCompile Include="..\Code\CollisionMgr.cpp">
      <Filter>09.Collision\00.Manager</Filter>
    </ClCompile>
    <ClCompile Include="..\Code\MyMath.cpp">
      <Filter>98.MyMath</Filter>
    </ClCompile>
  </ItemGroup>
  <ItemGroup>
    <ClInclude Include="..\Code\Management.h">
      <Filter>00.Management</Filter>
    </ClInclude>
    <ClInclude Include="..\Code\Scene.h">
      <Filter>01.Scene</Filter>
    </ClInclude>
    <ClInclude Include="..\Code\GameObject.h">
      <Filter>03.GameObject</Filter>
    </ClInclude>
    <ClInclude Include="..\Code\Layer.h">
      <Filter>02.Layer</Filter>
    </ClInclude>
    <ClInclude Include="..\Code\Component.h">
      <Filter>04.Component</Filter>
    </ClInclude>
    <ClInclude Include="..\..\Header\Export_Utility.h">
      <Filter>99.Export</Filter>
    </ClInclude>
    <ClInclude Include="..\Code\Transform.h">
      <Filter>04.Component\00.Transform</Filter>
    </ClInclude>
    <ClInclude Include="..\Code\Renderer.h">
      <Filter>05.Renderer</Filter>
    </ClInclude>
    <ClInclude Include="..\Code\Effect.h">
      <Filter>07.Effect</Filter>
    </ClInclude>
    <ClInclude Include="..\Code\Camera.h">
      <Filter>06.Camera</Filter>
    </ClInclude>
    <ClInclude Include="..\Code\CameraMgr.h">
      <Filter>06.Camera\00.Manager</Filter>
    </ClInclude>
    <ClInclude Include="..\Code\Skill.h">
      <Filter>08.Skill</Filter>
    </ClInclude>
    <ClInclude Include="..\Code\Collider.h">
      <Filter>09.Collision</Filter>
    </ClInclude>
    <ClInclude Include="..\Code\CollisionMgr.h">
      <Filter>09.Collision\00.Manager</Filter>
    </ClInclude>
    <ClInclude Include="..\Code\MyMath.h">
      <Filter>98.MyMath</Filter>
    </ClInclude>
  </ItemGroup>
  <ItemGroup>
    <None Include="..\..\Header\Export_Utility.inl">
      <Filter>99.Export</Filter>
    </None>
  </ItemGroup>
</Project>