<?xml version="1.0" encoding="utf-8"?>
<Project ToolsVersion="4.0" xmlns="http://schemas.microsoft.com/developer/msbuild/2003">
  <ItemGroup>
    <Filter Include="00.Resources">
      <UniqueIdentifier>{1a2f1f32-6e8d-4ddd-9c13-c3ddaa88c448}</UniqueIdentifier>
    </Filter>
    <Filter Include="01.ResourcesMgr">
      <UniqueIdentifier>{06fdbe50-0e2f-4d6e-b74d-7a293ee5c3dd}</UniqueIdentifier>
    </Filter>
    <Filter Include="02.Export">
      <UniqueIdentifier>{fcc4c28c-a754-40f0-a598-047c1f05a711}</UniqueIdentifier>
    </Filter>
    <Filter Include="00.Resources\00.VIBuffer">
      <UniqueIdentifier>{dabdbb64-90bb-4677-b348-58b61575ff48}</UniqueIdentifier>
    </Filter>
    <Filter Include="00.Resources\00.VIBuffer\00.TriCol">
      <UniqueIdentifier>{e5de1ffc-1676-4d79-986a-8e40897887cd}</UniqueIdentifier>
    </Filter>
    <Filter Include="00.Resources\00.VIBuffer\01.RcCol">
      <UniqueIdentifier>{bd38298f-d001-4994-9f08-8b4d04d13426}</UniqueIdentifier>
    </Filter>
    <Filter Include="00.Resources\00.VIBuffer\02.RcTex">
      <UniqueIdentifier>{ca105ebd-2d8d-42a4-a1a6-88d36ef9b28e}</UniqueIdentifier>
    </Filter>
    <Filter Include="00.Resources\01.Texture">
      <UniqueIdentifier>{6a26634a-30e8-418b-b4c1-dd863aa8eb9c}</UniqueIdentifier>
    </Filter>
    <Filter Include="00.Resources\00.VIBuffer\03.TerrainTex">
      <UniqueIdentifier>{6a2b8883-1657-439a-a6bd-ee8450cac853}</UniqueIdentifier>
    </Filter>
    <Filter Include="00.Resources\00.VIBuffer\04.CubeTex">
      <UniqueIdentifier>{77576233-c6d6-4077-a846-6c4410aea60f}</UniqueIdentifier>
    </Filter>
    <Filter Include="00.Resources\00.VIBuffer\05.TileTex">
      <UniqueIdentifier>{924da431-0238-4e75-9bdd-c59bd3285627}</UniqueIdentifier>
    </Filter>
    <Filter Include="00.Resources\00.VIBuffer\06.WallTex">
      <UniqueIdentifier>{ec2c294a-ccff-46f1-bf84-9694532023e2}</UniqueIdentifier>
    </Filter>
    <Filter Include="00.Resources\00.VIBuffer\06.WallTex\00.LeftWallTex">
      <UniqueIdentifier>{eec3a4ee-88cf-4def-a1bb-ba4a7770a38e}</UniqueIdentifier>
    </Filter>
    <Filter Include="00.Resources\00.VIBuffer\06.WallTex\01.TopWallTex">
      <UniqueIdentifier>{b708c414-b5aa-4eca-9a62-e0296faf0a55}</UniqueIdentifier>
    </Filter>
    <Filter Include="00.Resources\00.VIBuffer\06.WallTex\02.RightWallTex">
      <UniqueIdentifier>{e48e1a30-3540-4afa-9c59-022531cefcf7}</UniqueIdentifier>
    </Filter>
    <Filter Include="00.Resources\00.VIBuffer\06.WallTex\03.BottomWallTex">
      <UniqueIdentifier>{aaf1b5dd-0257-4ccc-a2fe-b4e6e5f112d3}</UniqueIdentifier>
    </Filter>
  </ItemGroup>
  <ItemGroup>
    <ClCompile Include="..\Code\Resources.cpp">
      <Filter>00.Resources</Filter>
    </ClCompile>
    <ClCompile Include="..\Code\ResourcesMgr.cpp">
      <Filter>01.ResourcesMgr</Filter>
    </ClCompile>
    <ClCompile Include="..\Code\RcCol.cpp">
      <Filter>00.Resources\00.VIBuffer\01.RcCol</Filter>
    </ClCompile>
    <ClCompile Include="..\Code\VIBuffer.cpp">
      <Filter>00.Resources\00.VIBuffer</Filter>
    </ClCompile>
    <ClCompile Include="..\Code\TriCol.cpp">
      <Filter>00.Resources\00.VIBuffer\00.TriCol</Filter>
    </ClCompile>
    <ClCompile Include="..\Code\RcTex.cpp">
      <Filter>00.Resources\00.VIBuffer\02.RcTex</Filter>
    </ClCompile>
    <ClCompile Include="..\Code\Texture.cpp">
      <Filter>00.Resources\01.Texture</Filter>
    </ClCompile>
    <ClCompile Include="..\Code\CubeTex.cpp">
      <Filter>00.Resources\00.VIBuffer\04.CubeTex</Filter>
    </ClCompile>
    <ClCompile Include="..\Code\TileTex.cpp">
      <Filter>00.Resources\00.VIBuffer\05.TileTex</Filter>
    </ClCompile>
    <ClCompile Include="..\Code\TerrainTex.cpp">
      <Filter>00.Resources\00.VIBuffer\03.TerrainTex</Filter>
    </ClCompile>
    <ClCompile Include="..\Code\LeftWallTex.cpp">
      <Filter>00.Resources\00.VIBuffer\06.WallTex\00.LeftWallTex</Filter>
    </ClCompile>
    <ClCompile Include="..\Code\TopWallTex.cpp">
      <Filter>00.Resources\00.VIBuffer\06.WallTex\01.TopWallTex</Filter>
    </ClCompile>
    <ClCompile Include="..\Code\RightWallTex.cpp">
      <Filter>00.Resources\00.VIBuffer\06.WallTex\02.RightWallTex</Filter>
    </ClCompile>
    <ClCompile Include="..\Code\BottomWallTex.cpp">
      <Filter>00.Resources\00.VIBuffer\06.WallTex\03.BottomWallTex</Filter>
    </ClCompile>
  </ItemGroup>
  <ItemGroup>
    <ClInclude Include="..\Code\Resources.h">
      <Filter>00.Resources</Filter>
    </ClInclude>
    <ClInclude Include="..\Code\ResourcesMgr.h">
      <Filter>01.ResourcesMgr</Filter>
    </ClInclude>
    <ClInclude Include="..\..\Header\Export_Resources.h">
      <Filter>02.Export</Filter>
    </ClInclude>
    <ClInclude Include="..\Code\RcCol.h">
      <Filter>00.Resources\00.VIBuffer\01.RcCol</Filter>
    </ClInclude>
    <ClInclude Include="..\Code\VIBuffer.h">
      <Filter>00.Resources\00.VIBuffer</Filter>
    </ClInclude>
    <ClInclude Include="..\Code\TriCol.h">
      <Filter>00.Resources\00.VIBuffer\00.TriCol</Filter>
    </ClInclude>
    <ClInclude Include="..\Code\RcTex.h">
      <Filter>00.Resources\00.VIBuffer\02.RcTex</Filter>
    </ClInclude>
    <ClInclude Include="..\Code\Texture.h">
      <Filter>00.Resources\01.Texture</Filter>
    </ClInclude>
    <ClInclude Include="..\Code\CubeTex.h">
      <Filter>00.Resources\00.VIBuffer\04.CubeTex</Filter>
    </ClInclude>
    <ClInclude Include="..\Code\TileTex.h">
      <Filter>00.Resources\00.VIBuffer\05.TileTex</Filter>
    </ClInclude>
    <ClInclude Include="..\Code\TerrainTex.h">
      <Filter>00.Resources\00.VIBuffer\03.TerrainTex</Filter>
    </ClInclude>
    <ClInclude Include="..\Code\LeftWallTex.h">
      <Filter>00.Resources\00.VIBuffer\06.WallTex\00.LeftWallTex</Filter>
    </ClInclude>
    <ClInclude Include="..\Code\TopWallTex.h">
      <Filter>00.Resources\00.VIBuffer\06.WallTex\01.TopWallTex</Filter>
    </ClInclude>
    <ClInclude Include="..\Code\RightWallTex.h">
      <Filter>00.Resources\00.VIBuffer\06.WallTex\02.RightWallTex</Filter>
    </ClInclude>
    <ClInclude Include="..\Code\BottomWallTex.h">
      <Filter>00.Resources\00.VIBuffer\06.WallTex\03.BottomWallTex</Filter>
    </ClInclude>
  </ItemGroup>
  <ItemGroup>
    <None Include="..\..\Header\Export_Resources.inl">
      <Filter>02.Export</Filter>
    </None>
  </ItemGroup>
</Project>